// !$*UTF8*$!
{
	archiveVersion = 1;
	classes = {
	};
	objectVersion = 46;
	objects = {

/* Begin PBXBuildFile section */
		15446EBE1CD2C20F00EE9A2A /* AppDelegate.swift in Sources */ = {isa = PBXBuildFile; fileRef = 15446EBD1CD2C20F00EE9A2A /* AppDelegate.swift */; };
		15446EC01CD2C20F00EE9A2A /* ViewController.swift in Sources */ = {isa = PBXBuildFile; fileRef = 15446EBF1CD2C20F00EE9A2A /* ViewController.swift */; };
		15446EC31CD2C20F00EE9A2A /* Main.storyboard in Resources */ = {isa = PBXBuildFile; fileRef = 15446EC11CD2C20F00EE9A2A /* Main.storyboard */; };
		15446EC61CD2C20F00EE9A2A /* iKid.xcdatamodeld in Sources */ = {isa = PBXBuildFile; fileRef = 15446EC41CD2C20F00EE9A2A /* iKid.xcdatamodeld */; };
		15446EC81CD2C20F00EE9A2A /* Assets.xcassets in Resources */ = {isa = PBXBuildFile; fileRef = 15446EC71CD2C20F00EE9A2A /* Assets.xcassets */; };
		15446ECB1CD2C20F00EE9A2A /* LaunchScreen.storyboard in Resources */ = {isa = PBXBuildFile; fileRef = 15446EC91CD2C20F00EE9A2A /* LaunchScreen.storyboard */; };
		15446ED31CD2C6F200EE9A2A /* GoodViewController.swift in Sources */ = {isa = PBXBuildFile; fileRef = 15446ED21CD2C6F200EE9A2A /* GoodViewController.swift */; };
		15446ED51CD2D2F400EE9A2A /* PunViewController.swift in Sources */ = {isa = PBXBuildFile; fileRef = 15446ED41CD2D2F400EE9A2A /* PunViewController.swift */; };
		15446ED71CD2D2FE00EE9A2A /* DadViewController.swift in Sources */ = {isa = PBXBuildFile; fileRef = 15446ED61CD2D2FE00EE9A2A /* DadViewController.swift */; };
		15446EDD1CD2D44B00EE9A2A /* GoodJokeViewController.swift in Sources */ = {isa = PBXBuildFile; fileRef = 15446EDC1CD2D44B00EE9A2A /* GoodJokeViewController.swift */; };
		15446EDF1CD2D45A00EE9A2A /* GoodPunchLineViewController.swift in Sources */ = {isa = PBXBuildFile; fileRef = 15446EDE1CD2D45A00EE9A2A /* GoodPunchLineViewController.swift */; };
		15446EE11CD2D46B00EE9A2A /* PunJokeViewController.swift in Sources */ = {isa = PBXBuildFile; fileRef = 15446EE01CD2D46B00EE9A2A /* PunJokeViewController.swift */; };
		15446EE31CD2D47800EE9A2A /* PunPunchLineViewController.swift in Sources */ = {isa = PBXBuildFile; fileRef = 15446EE21CD2D47800EE9A2A /* PunPunchLineViewController.swift */; };
		15446EE51CD2D48B00EE9A2A /* DadJokeViewController.swift in Sources */ = {isa = PBXBuildFile; fileRef = 15446EE41CD2D48B00EE9A2A /* DadJokeViewController.swift */; };
		15446EE71CD2D49600EE9A2A /* DadPunchLineViewController.swift in Sources */ = {isa = PBXBuildFile; fileRef = 15446EE61CD2D49600EE9A2A /* DadPunchLineViewController.swift */; };
		15446EEA1CD2DFDC00EE9A2A /* pun1.png in Resources */ = {isa = PBXBuildFile; fileRef = 15446EE81CD2DFDC00EE9A2A /* pun1.png */; };
		15446EEB1CD2DFDC00EE9A2A /* pun2.png in Resources */ = {isa = PBXBuildFile; fileRef = 15446EE91CD2DFDC00EE9A2A /* pun2.png */; };
/* End PBXBuildFile section */

/* Begin PBXFileReference section */
		15446EBA1CD2C20F00EE9A2A /* iKid.app */ = {isa = PBXFileReference; explicitFileType = wrapper.application; includeInIndex = 0; path = iKid.app; sourceTree = BUILT_PRODUCTS_DIR; };
		15446EBD1CD2C20F00EE9A2A /* AppDelegate.swift */ = {isa = PBXFileReference; lastKnownFileType = sourcecode.swift; path = AppDelegate.swift; sourceTree = "<group>"; };
		15446EBF1CD2C20F00EE9A2A /* ViewController.swift */ = {isa = PBXFileReference; lastKnownFileType = sourcecode.swift; path = ViewController.swift; sourceTree = "<group>"; };
		15446EC21CD2C20F00EE9A2A /* Base */ = {isa = PBXFileReference; lastKnownFileType = file.storyboard; name = Base; path = Base.lproj/Main.storyboard; sourceTree = "<group>"; };
		15446EC51CD2C20F00EE9A2A /* iKid.xcdatamodel */ = {isa = PBXFileReference; lastKnownFileType = wrapper.xcdatamodel; path = iKid.xcdatamodel; sourceTree = "<group>"; };
		15446EC71CD2C20F00EE9A2A /* Assets.xcassets */ = {isa = PBXFileReference; lastKnownFileType = folder.assetcatalog; path = Assets.xcassets; sourceTree = "<group>"; };
		15446ECA1CD2C20F00EE9A2A /* Base */ = {isa = PBXFileReference; lastKnownFileType = file.storyboard; name = Base; path = Base.lproj/LaunchScreen.storyboard; sourceTree = "<group>"; };
		15446ECC1CD2C20F00EE9A2A /* Info.plist */ = {isa = PBXFileReference; lastKnownFileType = text.plist.xml; path = Info.plist; sourceTree = "<group>"; };
		15446ED21CD2C6F200EE9A2A /* GoodViewController.swift */ = {isa = PBXFileReference; fileEncoding = 4; lastKnownFileType = sourcecode.swift; path = GoodViewController.swift; sourceTree = "<group>"; };
		15446ED41CD2D2F400EE9A2A /* PunViewController.swift */ = {isa = PBXFileReference; fileEncoding = 4; lastKnownFileType = sourcecode.swift; path = PunViewController.swift; sourceTree = "<group>"; };
		15446ED61CD2D2FE00EE9A2A /* DadViewController.swift */ = {isa = PBXFileReference; fileEncoding = 4; lastKnownFileType = sourcecode.swift; path = DadViewController.swift; sourceTree = "<group>"; };
		15446EDC1CD2D44B00EE9A2A /* GoodJokeViewController.swift */ = {isa = PBXFileReference; fileEncoding = 4; lastKnownFileType = sourcecode.swift; path = GoodJokeViewController.swift; sourceTree = "<group>"; };
		15446EDE1CD2D45A00EE9A2A /* GoodPunchLineViewController.swift */ = {isa = PBXFileReference; fileEncoding = 4; lastKnownFileType = sourcecode.swift; path = GoodPunchLineViewController.swift; sourceTree = "<group>"; };
		15446EE01CD2D46B00EE9A2A /* PunJokeViewController.swift */ = {isa = PBXFileReference; fileEncoding = 4; lastKnownFileType = sourcecode.swift; path = PunJokeViewController.swift; sourceTree = "<group>"; };
		15446EE21CD2D47800EE9A2A /* PunPunchLineViewController.swift */ = {isa = PBXFileReference; fileEncoding = 4; lastKnownFileType = sourcecode.swift; path = PunPunchLineViewController.swift; sourceTree = "<group>"; };
		15446EE41CD2D48B00EE9A2A /* DadJokeViewController.swift */ = {isa = PBXFileReference; fileEncoding = 4; lastKnownFileType = sourcecode.swift; path = DadJokeViewController.swift; sourceTree = "<group>"; };
		15446EE61CD2D49600EE9A2A /* DadPunchLineViewController.swift */ = {isa = PBXFileReference; fileEncoding = 4; lastKnownFileType = sourcecode.swift; path = DadPunchLineViewController.swift; sourceTree = "<group>"; };
		15446EE81CD2DFDC00EE9A2A /* pun1.png */ = {isa = PBXFileReference; lastKnownFileType = image.png; path = pun1.png; sourceTree = "<group>"; };
		15446EE91CD2DFDC00EE9A2A /* pun2.png */ = {isa = PBXFileReference; lastKnownFileType = image.png; path = pun2.png; sourceTree = "<group>"; };
/* End PBXFileReference section */

/* Begin PBXFrameworksBuildPhase section */
		15446EB71CD2C20F00EE9A2A /* Frameworks */ = {
			isa = PBXFrameworksBuildPhase;
			buildActionMask = 2147483647;
			files = (
			);
			runOnlyForDeploymentPostprocessing = 0;
		};
/* End PBXFrameworksBuildPhase section */

/* Begin PBXGroup section */
		15446EB11CD2C20F00EE9A2A = {
			isa = PBXGroup;
			children = (
				15446EBC1CD2C20F00EE9A2A /* iKid */,
				15446EBB1CD2C20F00EE9A2A /* Products */,
			);
			sourceTree = "<group>";
		};
		15446EBB1CD2C20F00EE9A2A /* Products */ = {
			isa = PBXGroup;
			children = (
				15446EBA1CD2C20F00EE9A2A /* iKid.app */,
			);
			name = Products;
			sourceTree = "<group>";
		};
		15446EBC1CD2C20F00EE9A2A /* iKid */ = {
			isa = PBXGroup;
			children = (
				15446EE81CD2DFDC00EE9A2A /* pun1.png */,
				15446EE91CD2DFDC00EE9A2A /* pun2.png */,
				15446EBD1CD2C20F00EE9A2A /* AppDelegate.swift */,
				15446EBF1CD2C20F00EE9A2A /* ViewController.swift */,
				15446ED21CD2C6F200EE9A2A /* GoodViewController.swift */,
				15446EDC1CD2D44B00EE9A2A /* GoodJokeViewController.swift */,
				15446EDE1CD2D45A00EE9A2A /* GoodPunchLineViewController.swift */,
				15446ED41CD2D2F400EE9A2A /* PunViewController.swift */,
				15446EE01CD2D46B00EE9A2A /* PunJokeViewController.swift */,
				15446EE21CD2D47800EE9A2A /* PunPunchLineViewController.swift */,
				15446ED61CD2D2FE00EE9A2A /* DadViewController.swift */,
				15446EE41CD2D48B00EE9A2A /* DadJokeViewController.swift */,
				15446EE61CD2D49600EE9A2A /* DadPunchLineViewController.swift */,
				15446EC11CD2C20F00EE9A2A /* Main.storyboard */,
				15446EC71CD2C20F00EE9A2A /* Assets.xcassets */,
				15446EC91CD2C20F00EE9A2A /* LaunchScreen.storyboard */,
				15446ECC1CD2C20F00EE9A2A /* Info.plist */,
				15446EC41CD2C20F00EE9A2A /* iKid.xcdatamodeld */,
			);
			path = iKid;
			sourceTree = "<group>";
		};
/* End PBXGroup section */

/* Begin PBXNativeTarget section */
		15446EB91CD2C20F00EE9A2A /* iKid */ = {
			isa = PBXNativeTarget;
			buildConfigurationList = 15446ECF1CD2C20F00EE9A2A /* Build configuration list for PBXNativeTarget "iKid" */;
			buildPhases = (
				15446EB61CD2C20F00EE9A2A /* Sources */,
				15446EB71CD2C20F00EE9A2A /* Frameworks */,
				15446EB81CD2C20F00EE9A2A /* Resources */,
			);
			buildRules = (
			);
			dependencies = (
			);
			name = iKid;
			productName = iKid;
			productReference = 15446EBA1CD2C20F00EE9A2A /* iKid.app */;
			productType = "com.apple.product-type.application";
		};
/* End PBXNativeTarget section */

/* Begin PBXProject section */
		15446EB21CD2C20F00EE9A2A /* Project object */ = {
			isa = PBXProject;
			attributes = {
				LastSwiftUpdateCheck = 0730;
				LastUpgradeCheck = 0730;
				ORGANIZATIONNAME = "Timothy Luong";
				TargetAttributes = {
					15446EB91CD2C20F00EE9A2A = {
						CreatedOnToolsVersion = 7.3;
					};
				};
			};
			buildConfigurationList = 15446EB51CD2C20F00EE9A2A /* Build configuration list for PBXProject "iKid" */;
			compatibilityVersion = "Xcode 3.2";
			developmentRegion = English;
			hasScannedForEncodings = 0;
			knownRegions = (
				en,
				Base,
			);
			mainGroup = 15446EB11CD2C20F00EE9A2A;
			productRefGroup = 15446EBB1CD2C20F00EE9A2A /* Products */;
			projectDirPath = "";
			projectRoot = "";
			targets = (
				15446EB91CD2C20F00EE9A2A /* iKid */,
			);
		};
/* End PBXProject section */

/* Begin PBXResourcesBuildPhase section */
		15446EB81CD2C20F00EE9A2A /* Resources */ = {
			isa = PBXResourcesBuildPhase;
			buildActionMask = 2147483647;
			files = (
				15446ECB1CD2C20F00EE9A2A /* LaunchScreen.storyboard in Resources */,
				15446EEB1CD2DFDC00EE9A2A /* pun2.png in Resources */,
				15446EC81CD2C20F00EE9A2A /* Assets.xcassets in Resources */,
				15446EC31CD2C20F00EE9A2A /* Main.storyboard in Resources */,
				15446EEA1CD2DFDC00EE9A2A /* pun1.png in Resources */,
			);
			runOnlyForDeploymentPostprocessing = 0;
		};
/* End PBXResourcesBuildPhase section */

/* Begin PBXSourcesBuildPhase section */
		15446EB61CD2C20F00EE9A2A /* Sources */ = {
			isa = PBXSourcesBuildPhase;
			buildActionMask = 2147483647;
			files = (
				15446EDD1CD2D44B00EE9A2A /* GoodJokeViewController.swift in Sources */,
				15446EE11CD2D46B00EE9A2A /* PunJokeViewController.swift in Sources */,
				15446EC61CD2C20F00EE9A2A /* iKid.xcdatamodeld in Sources */,
				15446ED51CD2D2F400EE9A2A /* PunViewController.swift in Sources */,
				15446EC01CD2C20F00EE9A2A /* ViewController.swift in Sources */,
				15446EBE1CD2C20F00EE9A2A /* AppDelegate.swift in Sources */,
				15446EE71CD2D49600EE9A2A /* DadPunchLineViewController.swift in Sources */,
				15446ED71CD2D2FE00EE9A2A /* DadViewController.swift in Sources */,
				15446EDF1CD2D45A00EE9A2A /* GoodPunchLineViewController.swift in Sources */,
				15446EE31CD2D47800EE9A2A /* PunPunchLineViewController.swift in Sources */,
				15446EE51CD2D48B00EE9A2A /* DadJokeViewController.swift in Sources */,
				15446ED31CD2C6F200EE9A2A /* GoodViewController.swift in Sources */,
			);
			runOnlyForDeploymentPostprocessing = 0;
		};
/* End PBXSourcesBuildPhase section */

/* Begin PBXVariantGroup section */
		15446EC11CD2C20F00EE9A2A /* Main.storyboard */ = {
			isa = PBXVariantGroup;
			children = (
				15446EC21CD2C20F00EE9A2A /* Base */,
			);
			name = Main.storyboard;
			sourceTree = "<group>";
		};
		15446EC91CD2C20F00EE9A2A /* LaunchScreen.storyboard */ = {
			isa = PBXVariantGroup;
			children = (
				15446ECA1CD2C20F00EE9A2A /* Base */,
			);
			name = LaunchScreen.storyboard;
			sourceTree = "<group>";
		};
/* End PBXVariantGroup section */

/* Begin XCBuildConfiguration section */
		15446ECD1CD2C20F00EE9A2A /* Debug */ = {
			isa = XCBuildConfiguration;
			buildSettings = {
				ALWAYS_SEARCH_USER_PATHS = NO;
				CLANG_ANALYZER_NONNULL = YES;
				CLANG_CXX_LANGUAGE_STANDARD = "gnu++0x";
				CLANG_CXX_LIBRARY = "libc++";
				CLANG_ENABLE_MODULES = YES;
				CLANG_ENABLE_OBJC_ARC = YES;
				CLANG_WARN_BOOL_CONVERSION = YES;
				CLANG_WARN_CONSTANT_CONVERSION = YES;
				CLANG_WARN_DIRECT_OBJC_ISA_USAGE = YES_ERROR;
				CLANG_WARN_EMPTY_BODY = YES;
				CLANG_WARN_ENUM_CONVERSION = YES;
				CLANG_WARN_INT_CONVERSION = YES;
				CLANG_WARN_OBJC_ROOT_CLASS = YES_ERROR;
				CLANG_WARN_UNREACHABLE_CODE = YES;
				CLANG_WARN__DUPLICATE_METHOD_MATCH = YES;
				"CODE_SIGN_IDENTITY[sdk=iphoneos*]" = "iPhone Developer";
				COPY_PHASE_STRIP = NO;
				DEBUG_INFORMATION_FORMAT = dwarf;
				ENABLE_STRICT_OBJC_MSGSEND = YES;
				ENABLE_TESTABILITY = YES;
				GCC_C_LANGUAGE_STANDARD = gnu99;
				GCC_DYNAMIC_NO_PIC = NO;
				GCC_NO_COMMON_BLOCKS = YES;
				GCC_OPTIMIZATION_LEVEL = 0;
				GCC_PREPROCESSOR_DEFINITIONS = (
					"DEBUG=1",
					"$(inherited)",
				);
				GCC_WARN_64_TO_32_BIT_CONVERSION = YES;
				GCC_WARN_ABOUT_RETURN_TYPE = YES_ERROR;
				GCC_WARN_UNDECLARED_SELECTOR = YES;
				GCC_WARN_UNINITIALIZED_AUTOS = YES_AGGRESSIVE;
				GCC_WARN_UNUSED_FUNCTION = YES;
				GCC_WARN_UNUSED_VARIABLE = YES;
				IPHONEOS_DEPLOYMENT_TARGET = 9.3;
				MTL_ENABLE_DEBUG_INFO = YES;
				ONLY_ACTIVE_ARCH = YES;
				SDKROOT = iphoneos;
				SWIFT_OPTIMIZATION_LEVEL = "-Onone";
			};
			name = Debug;
		};
		15446ECE1CD2C20F00EE9A2A /* Release */ = {
			isa = XCBuildConfiguration;
			buildSettings = {
				ALWAYS_SEARCH_USER_PATHS = NO;
				CLANG_ANALYZER_NONNULL = YES;
				CLANG_CXX_LANGUAGE_STANDARD = "gnu++0x";
				CLANG_CXX_LIBRARY = "libc++";
				CLANG_ENABLE_MODULES = YES;
				CLANG_ENABLE_OBJC_ARC = YES;
				CLANG_WARN_BOOL_CONVERSION = YES;
				CLANG_WARN_CONSTANT_CONVERSION = YES;
				CLANG_WARN_DIRECT_OBJC_ISA_USAGE = YES_ERROR;
				CLANG_WARN_EMPTY_BODY = YES;
				CLANG_WARN_ENUM_CONVERSION = YES;
				CLANG_WARN_INT_CONVERSION = YES;
				CLANG_WARN_OBJC_ROOT_CLASS = YES_ERROR;
				CLANG_WARN_UNREACHABLE_CODE = YES;
				CLANG_WARN__DUPLICATE_METHOD_MATCH = YES;
				"CODE_SIGN_IDENTITY[sdk=iphoneos*]" = "iPhone Developer";
				COPY_PHASE_STRIP = NO;
				DEBUG_INFORMATION_FORMAT = "dwarf-with-dsym";
				ENABLE_NS_ASSERTIONS = NO;
				ENABLE_STRICT_OBJC_MSGSEND = YES;
				GCC_C_LANGUAGE_STANDARD = gnu99;
				GCC_NO_COMMON_BLOCKS = YES;
				GCC_WARN_64_TO_32_BIT_CONVERSION = YES;
				GCC_WARN_ABOUT_RETURN_TYPE = YES_ERROR;
				GCC_WARN_UNDECLARED_SELECTOR = YES;
				GCC_WARN_UNINITIALIZED_AUTOS = YES_AGGRESSIVE;
				GCC_WARN_UNUSED_FUNCTION = YES;
				GCC_WARN_UNUSED_VARIABLE = YES;
				IPHONEOS_DEPLOYMENT_TARGET = 9.3;
				MTL_ENABLE_DEBUG_INFO = NO;
				SDKROOT = iphoneos;
				VALIDATE_PRODUCT = YES;
			};
			name = Release;
		};
		15446ED01CD2C20F00EE9A2A /* Debug */ = {
			isa = XCBuildConfiguration;
			buildSettings = {
				ASSETCATALOG_COMPILER_APPICON_NAME = AppIcon;
				INFOPLIST_FILE = iKid/Info.plist;
				LD_RUNPATH_SEARCH_PATHS = "$(inherited) @executable_path/Frameworks";
				PRODUCT_BUNDLE_IDENTIFIER = Chongz.iKid;
				PRODUCT_NAME = "$(TARGET_NAME)";
			};
			name = Debug;
		};
		15446ED11CD2C20F00EE9A2A /* Release */ = {
			isa = XCBuildConfiguration;
			buildSettings = {
				ASSETCATALOG_COMPILER_APPICON_NAME = AppIcon;
				INFOPLIST_FILE = iKid/Info.plist;
				LD_RUNPATH_SEARCH_PATHS = "$(inherited) @executable_path/Frameworks";
				PRODUCT_BUNDLE_IDENTIFIER = Chongz.iKid;
				PRODUCT_NAME = "$(TARGET_NAME)";
			};
			name = Release;
		};
/* End XCBuildConfiguration section */

/* Begin XCConfigurationList section */
		15446EB51CD2C20F00EE9A2A /* Build configuration list for PBXProject "iKid" */ = {
			isa = XCConfigurationList;
			buildConfigurations = (
				15446ECD1CD2C20F00EE9A2A /* Debug */,
				15446ECE1CD2C20F00EE9A2A /* Release */,
			);
			defaultConfigurationIsVisible = 0;
			defaultConfigurationName = Release;
		};
		15446ECF1CD2C20F00EE9A2A /* Build configuration list for PBXNativeTarget "iKid" */ = {
			isa = XCConfigurationList;
			buildConfigurations = (
				15446ED01CD2C20F00EE9A2A /* Debug */,
				15446ED11CD2C20F00EE9A2A /* Release */,
			);
			defaultConfigurationIsVisible = 0;
		};
/* End XCConfigurationList section */

/* Begin XCVersionGroup section */
		15446EC41CD2C20F00EE9A2A /* iKid.xcdatamodeld */ = {
			isa = XCVersionGroup;
			children = (
				15446EC51CD2C20F00EE9A2A /* iKid.xcdatamodel */,
			);
			currentVersion = 15446EC51CD2C20F00EE9A2A /* iKid.xcdatamodel */;
			path = iKid.xcdatamodeld;
			sourceTree = "<group>";
			versionGroupType = wrapper.xcdatamodel;
		};
/* End XCVersionGroup section */
	};
	rootObject = 15446EB21CD2C20F00EE9A2A /* Project object */;
}
